// !$*UTF8*$!
{
	archiveVersion = 1;
	classes = {
	};
	objectVersion = 51;
	objects = {

/* Begin PBXBuildFile section */
		7E50116923618EB500E4D78E /* CollectionViewCell.swift in Sources */ = {isa = PBXBuildFile; fileRef = 7E50116823618EB500E4D78E /* CollectionViewCell.swift */; };
		7EE833EE2359B9D1001F075D /* PreviewViewController.swift in Sources */ = {isa = PBXBuildFile; fileRef = 7EE833ED2359B9D1001F075D /* PreviewViewController.swift */; };
		7EF3A824235866CF00BDE021 /* AppDelegate.swift in Sources */ = {isa = PBXBuildFile; fileRef = 7EF3A823235866CF00BDE021 /* AppDelegate.swift */; };
		7EF3A826235866CF00BDE021 /* SceneDelegate.swift in Sources */ = {isa = PBXBuildFile; fileRef = 7EF3A825235866CF00BDE021 /* SceneDelegate.swift */; };
		7EF3A828235866CF00BDE021 /* ViewController.swift in Sources */ = {isa = PBXBuildFile; fileRef = 7EF3A827235866CF00BDE021 /* ViewController.swift */; };
		7EF3A82B235866CF00BDE021 /* Main.storyboard in Resources */ = {isa = PBXBuildFile; fileRef = 7EF3A829235866CF00BDE021 /* Main.storyboard */; };
		7EF3A82D235866D700BDE021 /* Assets.xcassets in Resources */ = {isa = PBXBuildFile; fileRef = 7EF3A82C235866D700BDE021 /* Assets.xcassets */; };
		7EF3A830235866D700BDE021 /* LaunchScreen.storyboard in Resources */ = {isa = PBXBuildFile; fileRef = 7EF3A82E235866D700BDE021 /* LaunchScreen.storyboard */; };
		F04D7610C024C7F06CCF0360 /* Pods_CustomCameraApp.framework in Frameworks */ = {isa = PBXBuildFile; fileRef = 91738670E82CD7698400891D /* Pods_CustomCameraApp.framework */; };
/* End PBXBuildFile section */

/* Begin PBXFileReference section */
		7A4BD49AFF8D69AD40F1AEE8 /* Pods-CustomCameraApp.debug.xcconfig */ = {isa = PBXFileReference; includeInIndex = 1; lastKnownFileType = text.xcconfig; name = "Pods-CustomCameraApp.debug.xcconfig"; path = "Target Support Files/Pods-CustomCameraApp/Pods-CustomCameraApp.debug.xcconfig"; sourceTree = "<group>"; };
		7E50116823618EB500E4D78E /* CollectionViewCell.swift */ = {isa = PBXFileReference; lastKnownFileType = sourcecode.swift; path = CollectionViewCell.swift; sourceTree = "<group>"; };
		7EE833ED2359B9D1001F075D /* PreviewViewController.swift */ = {isa = PBXFileReference; lastKnownFileType = sourcecode.swift; path = PreviewViewController.swift; sourceTree = "<group>"; };
		7EF3A820235866CF00BDE021 /* iArt.app */ = {isa = PBXFileReference; explicitFileType = wrapper.application; includeInIndex = 0; path = iArt.app; sourceTree = BUILT_PRODUCTS_DIR; };
		7EF3A823235866CF00BDE021 /* AppDelegate.swift */ = {isa = PBXFileReference; lastKnownFileType = sourcecode.swift; path = AppDelegate.swift; sourceTree = "<group>"; };
		7EF3A825235866CF00BDE021 /* SceneDelegate.swift */ = {isa = PBXFileReference; lastKnownFileType = sourcecode.swift; path = SceneDelegate.swift; sourceTree = "<group>"; };
		7EF3A827235866CF00BDE021 /* ViewController.swift */ = {isa = PBXFileReference; lastKnownFileType = sourcecode.swift; path = ViewController.swift; sourceTree = "<group>"; };
		7EF3A82A235866CF00BDE021 /* Base */ = {isa = PBXFileReference; lastKnownFileType = file.storyboard; name = Base; path = Base.lproj/Main.storyboard; sourceTree = "<group>"; };
		7EF3A82C235866D700BDE021 /* Assets.xcassets */ = {isa = PBXFileReference; lastKnownFileType = folder.assetcatalog; path = Assets.xcassets; sourceTree = "<group>"; };
		7EF3A82F235866D700BDE021 /* Base */ = {isa = PBXFileReference; lastKnownFileType = file.storyboard; name = Base; path = Base.lproj/LaunchScreen.storyboard; sourceTree = "<group>"; };
		7EF3A831235866D700BDE021 /* Info.plist */ = {isa = PBXFileReference; lastKnownFileType = text.plist.xml; path = Info.plist; sourceTree = "<group>"; };
		91738670E82CD7698400891D /* Pods_CustomCameraApp.framework */ = {isa = PBXFileReference; explicitFileType = wrapper.framework; includeInIndex = 0; path = Pods_CustomCameraApp.framework; sourceTree = BUILT_PRODUCTS_DIR; };
		F904DECE850FCC412371B303 /* Pods-CustomCameraApp.release.xcconfig */ = {isa = PBXFileReference; includeInIndex = 1; lastKnownFileType = text.xcconfig; name = "Pods-CustomCameraApp.release.xcconfig"; path = "Target Support Files/Pods-CustomCameraApp/Pods-CustomCameraApp.release.xcconfig"; sourceTree = "<group>"; };
/* End PBXFileReference section */

/* Begin PBXFrameworksBuildPhase section */
		7EF3A81D235866CF00BDE021 /* Frameworks */ = {
			isa = PBXFrameworksBuildPhase;
			buildActionMask = 2147483647;
			files = (
				F04D7610C024C7F06CCF0360 /* Pods_CustomCameraApp.framework in Frameworks */,
			);
			runOnlyForDeploymentPostprocessing = 0;
		};
/* End PBXFrameworksBuildPhase section */

/* Begin PBXGroup section */
		7EF3A817235866CE00BDE021 = {
			isa = PBXGroup;
			children = (
				7EF3A822235866CF00BDE021 /* CustomCameraApp */,
				7EF3A821235866CF00BDE021 /* Products */,
				AA1CBF99DE5656A1E0C4CC5D /* Pods */,
				A50BBAE653636DED034D94BC /* Frameworks */,
			);
			sourceTree = "<group>";
		};
		7EF3A821235866CF00BDE021 /* Products */ = {
			isa = PBXGroup;
			children = (
				7EF3A820235866CF00BDE021 /* iArt.app */,
			);
			name = Products;
			sourceTree = "<group>";
		};
		7EF3A822235866CF00BDE021 /* CustomCameraApp */ = {
			isa = PBXGroup;
			children = (
				7EF3A823235866CF00BDE021 /* AppDelegate.swift */,
				7EF3A825235866CF00BDE021 /* SceneDelegate.swift */,
				7EF3A827235866CF00BDE021 /* ViewController.swift */,
				7EF3A829235866CF00BDE021 /* Main.storyboard */,
				7EE833ED2359B9D1001F075D /* PreviewViewController.swift */,
				7E50116823618EB500E4D78E /* CollectionViewCell.swift */,
				7EF3A82C235866D700BDE021 /* Assets.xcassets */,
				7EF3A82E235866D700BDE021 /* LaunchScreen.storyboard */,
				7EF3A831235866D700BDE021 /* Info.plist */,
			);
			path = CustomCameraApp;
			sourceTree = "<group>";
		};
		A50BBAE653636DED034D94BC /* Frameworks */ = {
			isa = PBXGroup;
			children = (
				91738670E82CD7698400891D /* Pods_CustomCameraApp.framework */,
			);
			name = Frameworks;
			sourceTree = "<group>";
		};
		AA1CBF99DE5656A1E0C4CC5D /* Pods */ = {
			isa = PBXGroup;
			children = (
				7A4BD49AFF8D69AD40F1AEE8 /* Pods-CustomCameraApp.debug.xcconfig */,
				F904DECE850FCC412371B303 /* Pods-CustomCameraApp.release.xcconfig */,
			);
			path = Pods;
			sourceTree = "<group>";
		};
/* End PBXGroup section */

/* Begin PBXNativeTarget section */
		7EF3A81F235866CF00BDE021 /* CustomCameraApp */ = {
			isa = PBXNativeTarget;
			buildConfigurationList = 7EF3A834235866D700BDE021 /* Build configuration list for PBXNativeTarget "CustomCameraApp" */;
			buildPhases = (
				7004C59BB5FDBEC2B7872695 /* [CP] Check Pods Manifest.lock */,
				7EF3A81C235866CF00BDE021 /* Sources */,
				7EF3A81D235866CF00BDE021 /* Frameworks */,
				7EF3A81E235866CF00BDE021 /* Resources */,
				3205952C7173D904C6D614C0 /* [CP] Embed Pods Frameworks */,
			);
			buildRules = (
			);
			dependencies = (
			);
			name = CustomCameraApp;
			productName = CustomCameraApp;
			productReference = 7EF3A820235866CF00BDE021 /* iArt.app */;
			productType = "com.apple.product-type.application";
		};
/* End PBXNativeTarget section */

/* Begin PBXProject section */
		7EF3A818235866CE00BDE021 /* Project object */ = {
			isa = PBXProject;
			attributes = {
				LastSwiftUpdateCheck = 1100;
				LastUpgradeCheck = 1100;
				ORGANIZATIONNAME = SCS;
				TargetAttributes = {
					7EF3A81F235866CF00BDE021 = {
						CreatedOnToolsVersion = 11.0;
					};
				};
			};
			buildConfigurationList = 7EF3A81B235866CE00BDE021 /* Build configuration list for PBXProject "CustomCameraApp" */;
			compatibilityVersion = "Xcode 9.3";
			developmentRegion = en;
			hasScannedForEncodings = 0;
			knownRegions = (
				en,
				Base,
			);
			mainGroup = 7EF3A817235866CE00BDE021;
			productRefGroup = 7EF3A821235866CF00BDE021 /* Products */;
			projectDirPath = "";
			projectRoot = "";
			targets = (
				7EF3A81F235866CF00BDE021 /* CustomCameraApp */,
			);
		};
/* End PBXProject section */

/* Begin PBXResourcesBuildPhase section */
		7EF3A81E235866CF00BDE021 /* Resources */ = {
			isa = PBXResourcesBuildPhase;
			buildActionMask = 2147483647;
			files = (
				7EF3A830235866D700BDE021 /* LaunchScreen.storyboard in Resources */,
				7EF3A82D235866D700BDE021 /* Assets.xcassets in Resources */,
				7EF3A82B235866CF00BDE021 /* Main.storyboard in Resources */,
			);
			runOnlyForDeploymentPostprocessing = 0;
		};
/* End PBXResourcesBuildPhase section */

/* Begin PBXShellScriptBuildPhase section */
		3205952C7173D904C6D614C0 /* [CP] Embed Pods Frameworks */ = {
			isa = PBXShellScriptBuildPhase;
			buildActionMask = 2147483647;
			files = (
			);
			inputFileListPaths = (
				"${PODS_ROOT}/Target Support Files/Pods-CustomCameraApp/Pods-CustomCameraApp-frameworks-${CONFIGURATION}-input-files.xcfilelist",
			);
			name = "[CP] Embed Pods Frameworks";
			outputFileListPaths = (
				"${PODS_ROOT}/Target Support Files/Pods-CustomCameraApp/Pods-CustomCameraApp-frameworks-${CONFIGURATION}-output-files.xcfilelist",
			);
			runOnlyForDeploymentPostprocessing = 0;
			shellPath = /bin/sh;
			shellScript = "\"${PODS_ROOT}/Target Support Files/Pods-CustomCameraApp/Pods-CustomCameraApp-frameworks.sh\"\n";
			showEnvVarsInLog = 0;
		};
		7004C59BB5FDBEC2B7872695 /* [CP] Check Pods Manifest.lock */ = {
			isa = PBXShellScriptBuildPhase;
			buildActionMask = 2147483647;
			files = (
			);
			inputFileListPaths = (
			);
			inputPaths = (
				"${PODS_PODFILE_DIR_PATH}/Podfile.lock",
				"${PODS_ROOT}/Manifest.lock",
			);
			name = "[CP] Check Pods Manifest.lock";
			outputFileListPaths = (
			);
			outputPaths = (
				"$(DERIVED_FILE_DIR)/Pods-CustomCameraApp-checkManifestLockResult.txt",
			);
			runOnlyForDeploymentPostprocessing = 0;
			shellPath = /bin/sh;
			shellScript = "diff \"${PODS_PODFILE_DIR_PATH}/Podfile.lock\" \"${PODS_ROOT}/Manifest.lock\" > /dev/null\nif [ $? != 0 ] ; then\n    # print error to STDERR\n    echo \"error: The sandbox is not in sync with the Podfile.lock. Run 'pod install' or update your CocoaPods installation.\" >&2\n    exit 1\nfi\n# This output is used by Xcode 'outputs' to avoid re-running this script phase.\necho \"SUCCESS\" > \"${SCRIPT_OUTPUT_FILE_0}\"\n";
			showEnvVarsInLog = 0;
		};
/* End PBXShellScriptBuildPhase section */

/* Begin PBXSourcesBuildPhase section */
		7EF3A81C235866CF00BDE021 /* Sources */ = {
			isa = PBXSourcesBuildPhase;
			buildActionMask = 2147483647;
			files = (
				7E50116923618EB500E4D78E /* CollectionViewCell.swift in Sources */,
				7EF3A828235866CF00BDE021 /* ViewController.swift in Sources */,
				7EF3A824235866CF00BDE021 /* AppDelegate.swift in Sources */,
				7EF3A826235866CF00BDE021 /* SceneDelegate.swift in Sources */,
				7EE833EE2359B9D1001F075D /* PreviewViewController.swift in Sources */,
			);
			runOnlyForDeploymentPostprocessing = 0;
		};
/* End PBXSourcesBuildPhase section */

/* Begin PBXVariantGroup section */
		7EF3A829235866CF00BDE021 /* Main.storyboard */ = {
			isa = PBXVariantGroup;
			children = (
				7EF3A82A235866CF00BDE021 /* Base */,
			);
			name = Main.storyboard;
			sourceTree = "<group>";
		};
		7EF3A82E235866D700BDE021 /* LaunchScreen.storyboard */ = {
			isa = PBXVariantGroup;
			children = (
				7EF3A82F235866D700BDE021 /* Base */,
			);
			name = LaunchScreen.storyboard;
			sourceTree = "<group>";
		};
/* End PBXVariantGroup section */

/* Begin XCBuildConfiguration section */
		7EF3A832235866D700BDE021 /* Debug */ = {
			isa = XCBuildConfiguration;
			buildSettings = {
				ALWAYS_SEARCH_USER_PATHS = NO;
				CLANG_ANALYZER_NONNULL = YES;
				CLANG_ANALYZER_NUMBER_OBJECT_CONVERSION = YES_AGGRESSIVE;
				CLANG_CXX_LANGUAGE_STANDARD = "gnu++14";
				CLANG_CXX_LIBRARY = "libc++";
				CLANG_ENABLE_MODULES = YES;
				CLANG_ENABLE_OBJC_ARC = YES;
				CLANG_ENABLE_OBJC_WEAK = YES;
				CLANG_WARN_BLOCK_CAPTURE_AUTORELEASING = YES;
				CLANG_WARN_BOOL_CONVERSION = YES;
				CLANG_WARN_COMMA = YES;
				CLANG_WARN_CONSTANT_CONVERSION = YES;
				CLANG_WARN_DEPRECATED_OBJC_IMPLEMENTATIONS = YES;
				CLANG_WARN_DIRECT_OBJC_ISA_USAGE = YES_ERROR;
				CLANG_WARN_DOCUMENTATION_COMMENTS = YES;
				CLANG_WARN_EMPTY_BODY = YES;
				CLANG_WARN_ENUM_CONVERSION = YES;
				CLANG_WARN_INFINITE_RECURSION = YES;
				CLANG_WARN_INT_CONVERSION = YES;
				CLANG_WARN_NON_LITERAL_NULL_CONVERSION = YES;
				CLANG_WARN_OBJC_IMPLICIT_RETAIN_SELF = YES;
				CLANG_WARN_OBJC_LITERAL_CONVERSION = YES;
				CLANG_WARN_OBJC_ROOT_CLASS = YES_ERROR;
				CLANG_WARN_RANGE_LOOP_ANALYSIS = YES;
				CLANG_WARN_STRICT_PROTOTYPES = YES;
				CLANG_WARN_SUSPICIOUS_MOVE = YES;
				CLANG_WARN_UNGUARDED_AVAILABILITY = YES_AGGRESSIVE;
				CLANG_WARN_UNREACHABLE_CODE = YES;
				CLANG_WARN__DUPLICATE_METHOD_MATCH = YES;
				COPY_PHASE_STRIP = NO;
				DEBUG_INFORMATION_FORMAT = dwarf;
				ENABLE_STRICT_OBJC_MSGSEND = YES;
				ENABLE_TESTABILITY = YES;
				GCC_C_LANGUAGE_STANDARD = gnu11;
				GCC_DYNAMIC_NO_PIC = NO;
				GCC_NO_COMMON_BLOCKS = YES;
				GCC_OPTIMIZATION_LEVEL = 0;
				GCC_PREPROCESSOR_DEFINITIONS = (
					"DEBUG=1",
					"$(inherited)",
				);
				GCC_WARN_64_TO_32_BIT_CONVERSION = YES;
				GCC_WARN_ABOUT_RETURN_TYPE = YES_ERROR;
				GCC_WARN_UNDECLARED_SELECTOR = YES;
				GCC_WARN_UNINITIALIZED_AUTOS = YES_AGGRESSIVE;
				GCC_WARN_UNUSED_FUNCTION = YES;
				GCC_WARN_UNUSED_VARIABLE = YES;
				IPHONEOS_DEPLOYMENT_TARGET = 13.0;
				MTL_ENABLE_DEBUG_INFO = INCLUDE_SOURCE;
				MTL_FAST_MATH = YES;
				ONLY_ACTIVE_ARCH = YES;
				SDKROOT = iphoneos;
				SWIFT_ACTIVE_COMPILATION_CONDITIONS = DEBUG;
				SWIFT_OPTIMIZATION_LEVEL = "-Onone";
			};
			name = Debug;
		};
		7EF3A833235866D700BDE021 /* Release */ = {
			isa = XCBuildConfiguration;
			buildSettings = {
				ALWAYS_SEARCH_USER_PATHS = NO;
				CLANG_ANALYZER_NONNULL = YES;
				CLANG_ANALYZER_NUMBER_OBJECT_CONVERSION = YES_AGGRESSIVE;
				CLANG_CXX_LANGUAGE_STANDARD = "gnu++14";
				CLANG_CXX_LIBRARY = "libc++";
				CLANG_ENABLE_MODULES = YES;
				CLANG_ENABLE_OBJC_ARC = YES;
				CLANG_ENABLE_OBJC_WEAK = YES;
				CLANG_WARN_BLOCK_CAPTURE_AUTORELEASING = YES;
				CLANG_WARN_BOOL_CONVERSION = YES;
				CLANG_WARN_COMMA = YES;
				CLANG_WARN_CONSTANT_CONVERSION = YES;
				CLANG_WARN_DEPRECATED_OBJC_IMPLEMENTATIONS = YES;
				CLANG_WARN_DIRECT_OBJC_ISA_USAGE = YES_ERROR;
				CLANG_WARN_DOCUMENTATION_COMMENTS = YES;
				CLANG_WARN_EMPTY_BODY = YES;
				CLANG_WARN_ENUM_CONVERSION = YES;
				CLANG_WARN_INFINITE_RECURSION = YES;
				CLANG_WARN_INT_CONVERSION = YES;
				CLANG_WARN_NON_LITERAL_NULL_CONVERSION = YES;
				CLANG_WARN_OBJC_IMPLICIT_RETAIN_SELF = YES;
				CLANG_WARN_OBJC_LITERAL_CONVERSION = YES;
				CLANG_WARN_OBJC_ROOT_CLASS = YES_ERROR;
				CLANG_WARN_RANGE_LOOP_ANALYSIS = YES;
				CLANG_WARN_STRICT_PROTOTYPES = YES;
				CLANG_WARN_SUSPICIOUS_MOVE = YES;
				CLANG_WARN_UNGUARDED_AVAILABILITY = YES_AGGRESSIVE;
				CLANG_WARN_UNREACHABLE_CODE = YES;
				CLANG_WARN__DUPLICATE_METHOD_MATCH = YES;
				COPY_PHASE_STRIP = NO;
				DEBUG_INFORMATION_FORMAT = "dwarf-with-dsym";
				ENABLE_NS_ASSERTIONS = NO;
				ENABLE_STRICT_OBJC_MSGSEND = YES;
				GCC_C_LANGUAGE_STANDARD = gnu11;
				GCC_NO_COMMON_BLOCKS = YES;
				GCC_WARN_64_TO_32_BIT_CONVERSION = YES;
				GCC_WARN_ABOUT_RETURN_TYPE = YES_ERROR;
				GCC_WARN_UNDECLARED_SELECTOR = YES;
				GCC_WARN_UNINITIALIZED_AUTOS = YES_AGGRESSIVE;
				GCC_WARN_UNUSED_FUNCTION = YES;
				GCC_WARN_UNUSED_VARIABLE = YES;
				IPHONEOS_DEPLOYMENT_TARGET = 13.0;
				MTL_ENABLE_DEBUG_INFO = NO;
				MTL_FAST_MATH = YES;
				SDKROOT = iphoneos;
				SWIFT_COMPILATION_MODE = wholemodule;
				SWIFT_OPTIMIZATION_LEVEL = "-O";
				VALIDATE_PRODUCT = YES;
			};
			name = Release;
		};
		7EF3A835235866D700BDE021 /* Debug */ = {
			isa = XCBuildConfiguration;
			baseConfigurationReference = 7A4BD49AFF8D69AD40F1AEE8 /* Pods-CustomCameraApp.debug.xcconfig */;
			buildSettings = {
				ASSETCATALOG_COMPILER_APPICON_NAME = AppIcon;
				CODE_SIGN_STYLE = Automatic;
				DEVELOPMENT_TEAM = V82S4XLD64;
				INFOPLIST_FILE = CustomCameraApp/Info.plist;
				LD_RUNPATH_SEARCH_PATHS = (
					"$(inherited)",
					"@executable_path/Frameworks",
				);
				PRODUCT_BUNDLE_IDENTIFIER = iArt;
				PRODUCT_NAME = iArt;
				SWIFT_VERSION = 5.0;
				TARGETED_DEVICE_FAMILY = "1,2";
			};
			name = Debug;
		};
		7EF3A836235866D700BDE021 /* Release */ = {
			isa = XCBuildConfiguration;
			baseConfigurationReference = F904DECE850FCC412371B303 /* Pods-CustomCameraApp.release.xcconfig */;
			buildSettings = {
				ASSETCATALOG_COMPILER_APPICON_NAME = AppIcon;
				CODE_SIGN_STYLE = Automatic;
				DEVELOPMENT_TEAM = V82S4XLD64;
				INFOPLIST_FILE = CustomCameraApp/Info.plist;
				LD_RUNPATH_SEARCH_PATHS = (
					"$(inherited)",
					"@executable_path/Frameworks",
				);
				PRODUCT_BUNDLE_IDENTIFIER = iArt;
				PRODUCT_NAME = iArt;
				SWIFT_VERSION = 5.0;
				TARGETED_DEVICE_FAMILY = "1,2";
			};
			name = Release;
		};
/* End XCBuildConfiguration section */

/* Begin XCConfigurationList section */
		7EF3A81B235866CE00BDE021 /* Build configuration list for PBXProject "CustomCameraApp" */ = {
			isa = XCConfigurationList;
			buildConfigurations = (
				7EF3A832235866D700BDE021 /* Debug */,
				7EF3A833235866D700BDE021 /* Release */,
			);
			defaultConfigurationIsVisible = 0;
			defaultConfigurationName = Release;
		};
		7EF3A834235866D700BDE021 /* Build configuration list for PBXNativeTarget "CustomCameraApp" */ = {
			isa = XCConfigurationList;
			buildConfigurations = (
				7EF3A835235866D700BDE021 /* Debug */,
				7EF3A836235866D700BDE021 /* Release */,
			);
			defaultConfigurationIsVisible = 0;
			defaultConfigurationName = Release;
		};
/* End XCConfigurationList section */
	};
	rootObject = 7EF3A818235866CE00BDE021 /* Project object */;
}
